# THIS IS AN AUTOGENERATED FILE. DO NOT EDIT THIS FILE DIRECTLY.
# yarn lockfile v1


"@formatjs/intl-listformat@^1.3.7":
  version "1.4.0"
  resolved "https://registry.yarnpkg.com/@formatjs/intl-listformat/-/intl-listformat-1.4.0.tgz#126ac880906201bbd6506d8c1486227a9a283a17"
  integrity sha512-RbZSgcV0ylz8X/RIafaFXijrOJHajjVZi8I8EJp6vTSPWwNAxpOMI7Q3OOWbRJ2Usxj0+ouEPMgTvI4xCo8kfw==
  dependencies:
    "@formatjs/intl-utils" "^2.1.0"

"@formatjs/intl-relativetimeformat@^4.5.7":
  version "4.5.8"
  resolved "https://registry.yarnpkg.com/@formatjs/intl-relativetimeformat/-/intl-relativetimeformat-4.5.8.tgz#c5d9d9b2f120c6fd6a2d611b78b927b8c527e52a"
  integrity sha512-hmFwh9HxJ5fwRFqLyZIvN+cI9K2xoI5VHo8E34gzuE98pihj/sxc6eSgSmNjNqvpnIjQFdKhck1w5jCQ6/pvFw==
  dependencies:
    "@formatjs/intl-utils" "^2.1.0"

"@formatjs/intl-unified-numberformat@^3.0.4", "@formatjs/intl-unified-numberformat@^3.1.0":
  version "3.1.0"
  resolved "https://registry.yarnpkg.com/@formatjs/intl-unified-numberformat/-/intl-unified-numberformat-3.1.0.tgz#5dea31f719e3faad3f2c796bc9f40637f48bfa94"
  integrity sha512-ySMpI/PRyS5mM6W8nuHwWmU88b5yYTndFUC5O6M2ey+qge8ggdXPp80eKscPijzDtPEFYwUzvPpyP35io5I+LQ==
  dependencies:
    "@formatjs/intl-utils" "^2.1.0"
    unicode-12.1.0 "0.8"

"@formatjs/intl-utils@^2.0.4", "@formatjs/intl-utils@^2.1.0":
  version "2.1.0"
  resolved "https://registry.yarnpkg.com/@formatjs/intl-utils/-/intl-utils-2.1.0.tgz#170259c20aeacd263b9189351b01cebc97062315"
  integrity sha512-6i9JHVioZ9uHkkTYUsZk8ha8FRMb5ZMjPr2cVH1vfNAwJy7AlJnLzH2OeB7WE3WnAgvYpWV797K6p3g/q/JTOg==

"@formatjs/macro@^0.2.6":
  version "0.2.6"
  resolved "https://registry.yarnpkg.com/@formatjs/macro/-/macro-0.2.6.tgz#eb173658d803416a43210778b2f5c04c5a240bb6"
  integrity sha512-DfdnLJf8+PwLHzJECZ1Xfa8+sI9akQnUuLN2UdkaExTQmlY0Vs36rMzEP0JoVDBMk+KdQbJNt72rPeZkBNcKWg==

"@types/hoist-non-react-statics@^3.3.1":
  version "3.3.1"
  resolved "https://registry.yarnpkg.com/@types/hoist-non-react-statics/-/hoist-non-react-statics-3.3.1.tgz#1124aafe5118cb591977aeb1ceaaed1070eb039f"
  integrity sha512-iMIqiko6ooLrTh1joXodJK5X9xeEALT1kM5G3ZLhD3hszxBdIEd5C75U834D9mLcINgD4OyZf5uQXjkuYydWvA==
  dependencies:
    "@types/react" "*"
    hoist-non-react-statics "^3.3.0"

"@types/invariant@^2.2.31":
  version "2.2.31"
  resolved "https://registry.yarnpkg.com/@types/invariant/-/invariant-2.2.31.tgz#4444c03004f215289dbca3856538434317dd28b2"
  integrity sha512-jMlgg9pIURvy9jgBHCjQp/CyBjYHUwj91etVcDdXkFl2CwTFiQlB+8tcsMeXpXf2PFE5X2pjk4Gm43hQSMHAdA==

"@types/prop-types@*":
  version "15.7.0"
  resolved "https://registry.yarnpkg.com/@types/prop-types/-/prop-types-15.7.0.tgz#4c48fed958d6dcf9487195a0ef6456d5f6e0163a"
  integrity sha512-eItQyV43bj4rR3JPV0Skpl1SncRCdziTEK9/v8VwXmV6d/qOUO8/EuWeHBbCZcsfSHfzI5UyMJLCSXtxxznyZg==

"@types/react@*":
  version "16.9.19"
  resolved "https://registry.yarnpkg.com/@types/react/-/react-16.9.19.tgz#c842aa83ea490007d29938146ff2e4d9e4360c40"
  integrity sha512-LJV97//H+zqKWMms0kvxaKYJDG05U2TtQB3chRLF8MPNs+MQh/H1aGlyDUxjaHvu08EAGerdX2z4LTBc7ns77A==
  dependencies:
    "@types/prop-types" "*"
    csstype "^2.2.0"

"@types/react@^16.8":
  version "16.8.4"
  resolved "https://registry.yarnpkg.com/@types/react/-/react-16.8.4.tgz#134307f5266e866d5e7c25e47f31f9abd5b2ea34"
  integrity sha512-Mpz1NNMJvrjf0GcDqiK8+YeOydXfD8Mgag3UtqQ5lXYTsMnOiHcKmO48LiSWMb1rSHB9MV/jlgyNzeAVxWMZRQ==
  dependencies:
    "@types/prop-types" "*"
    csstype "^2.2.0"

csstype@^2.2.0:
  version "2.6.1"
  resolved "https://registry.yarnpkg.com/csstype/-/csstype-2.6.1.tgz#4cfbf637a577497036ebcd7e32647ef19a0b8076"
  integrity sha512-wv7IRqCGsL7WGKB8gPvrl+++HlFM9kxAM6jL1EXNPNTshEJYilMkbfS2SnuHha77uosp/YVK0wAp2jmlBzn1tg==

hoist-non-react-statics@^3.3.0, hoist-non-react-statics@^3.3.1:
  version "3.3.2"
  resolved "https://registry.yarnpkg.com/hoist-non-react-statics/-/hoist-non-react-statics-3.3.2.tgz#ece0acaf71d62c2969c2ec59feff42a4b1a85b45"
  integrity sha512-/gGivxi8JPKWNm/W0jSmzcMPpfpPLc3dY/6GxhX2hQ9iGj3aDfklV4ET7NjKpSinLpJ5vafa9iiGIEZg10SfBw==
  dependencies:
    react-is "^16.7.0"

intl-format-cache@^4.2.19, intl-format-cache@^4.2.20:
  version "4.2.20"
  resolved "https://registry.yarnpkg.com/intl-format-cache/-/intl-format-cache-4.2.20.tgz#5c2d73dcd89e430cb68b46730a23efff3b582dd9"
  integrity sha512-l8My2dFSV4B+pPrpKSx3nrnRLYavVKFqM6hL3YJOf7yZbITpFm+lSX6+gU5Uxd5iyRbuAYEe/zXLSQeggXc8qg==

intl-locales-supported@^1.8.4:
  version "1.8.4"
  resolved "https://registry.yarnpkg.com/intl-locales-supported/-/intl-locales-supported-1.8.4.tgz#e1d19812afa50dc2e2a2b4741ceb4030522d45b1"
  integrity sha512-wO0JhDqhshhkq8Pa9CLcstqd1aCXjfMgfMzjD6mDreS3mTSDbjGiMU+07O8BdJGxed7Q0Wf3TFVjGq0W3Y0n1w==

intl-messageformat-parser@^3.6.2, intl-messageformat-parser@^3.6.3:
  version "3.6.3"
  resolved "https://registry.yarnpkg.com/intl-messageformat-parser/-/intl-messageformat-parser-3.6.3.tgz#32d9585e2d1a7c4e42df2e9b7a6dbf0a40f0b0ac"
  integrity sha512-inDEmqoatIFmin7GWBmyyC+LWvZliLrHdrBm1lnelNevYUxSlGFvhwCfbKkavWC0+h6Z3I6J1J0tARtFFR/hUg==
  dependencies:
    "@formatjs/intl-unified-numberformat" "^3.1.0"

intl-messageformat@^7.8.2:
  version "7.8.3"
  resolved "https://registry.yarnpkg.com/intl-messageformat/-/intl-messageformat-7.8.3.tgz#4113cba61af4e45883e499c3c2ce711a2904342d"
  integrity sha512-tXpq2cLl/spi3DrRrJOaspwqgjkmPrG7PijYVxN+Q9h4R6RE0vcSFiP0vDALtlPwJmG+3uHEPlms9HCT2oDKnQ==
  dependencies:
    intl-format-cache "^4.2.20"
    intl-messageformat-parser "^3.6.3"

react-intl@^3.11.0:
  version "3.11.0"
  resolved "https://registry.yarnpkg.com/react-intl/-/react-intl-3.11.0.tgz#a8c5392b8345753cd57bba0b45a1b4fdb1a4dd82"
  integrity sha512-W5kc9uCkNRjw4ijZ9cBts5VDtK2DkILKZ1WpqmvVLHZ6EIHMFZkhFs6LQJurN+2msdROfB59gc5K1z8kM0u6/w==
  dependencies:
    "@formatjs/intl-listformat" "^1.3.7"
    "@formatjs/intl-relativetimeformat" "^4.5.7"
    "@formatjs/intl-unified-numberformat" "^3.0.4"
    "@formatjs/intl-utils" "^2.0.4"
    "@formatjs/macro" "^0.2.6"
    "@types/hoist-non-react-statics" "^3.3.1"
    "@types/invariant" "^2.2.31"
    hoist-non-react-statics "^3.3.1"
    intl-format-cache "^4.2.19"
    intl-locales-supported "^1.8.4"
    intl-messageformat "^7.8.2"
    intl-messageformat-parser "^3.6.2"
    shallow-equal "^1.2.1"

react-is@^16.7.0:
  version "16.12.0"
  resolved "https://registry.yarnpkg.com/react-is/-/react-is-16.12.0.tgz#2cc0fe0fba742d97fd527c42a13bec4eeb06241c"
  integrity sha512-rPCkf/mWBtKc97aLL9/txD8DZdemK0vkA3JMLShjlJB3Pj3s+lpf1KaBzMfQrAmhMQB0n1cU/SUGgKKBCe837Q==

shallow-equal@^1.2.1:
  version "1.2.1"
  resolved "https://registry.yarnpkg.com/shallow-equal/-/shallow-equal-1.2.1.tgz#4c16abfa56043aa20d050324efa68940b0da79da"
  integrity sha512-S4vJDjHHMBaiZuT9NPb616CSmLf618jawtv3sufLl6ivK8WocjAo58cXwbRV1cgqxH0Qbv+iUt6m05eqEa2IRA==

unicode-12.1.0@0.8:
  version "0.8.0"
  resolved "https://registry.yarnpkg.com/unicode-12.1.0/-/unicode-12.1.0-0.8.0.tgz#260f6dd899eefd42a8eae550bcbb62654c90c79d"
  integrity sha512-OhxidkE3tKlMAouqWtdYtDP2RHVIo1lNdjEruNdVxLrACcbw79TaOcupYKxz6F7ldC1nx8CDygzN5kGmXAU60Q==
